
Microsoft Visual Studio Solution File, Format Version 12.00
# Visual Studio Version 17
VisualStudioVersion = 17.1.32210.238
MinimumVisualStudioVersion = 10.0.40219.1
Project("{8BC9CEB8-8B4A-11D0-8D11-00A0C91BC942}") = "lvxin1-3", "lvxin1-3.vcxproj", "{AC9535A8-A646-45BA-8A33-63E54C6703EC}"
EndProject
Global
	GlobalSection(SolutionConfigurationPlatforms) = preSolution
		Debug|x64 = Debug|x64
		Debug|x86 = Debug|x86
		Release|x64 = Release|x64
		Release|x86 = Release|x86
	EndGlobalSection
	GlobalSection(ProjectConfigurationPlatforms) = postSolution
		{AC9535A8-A646-45BA-8A33-63E54C6703EC}.Debug|x64.ActiveCfg = Debug|x64
		{AC9535A8-A646-45BA-8A33-63E54C6703EC}.Debug|x64.Build.0 = Debug|x64
		{AC9535A8-A646-45BA-8A33-63E54C6703EC}.Debug|x86.ActiveCfg = Debug|Win32
		{AC9535A8-A646-45BA-8A33-63E54C6703EC}.Debug|x86.Build.0 = Debug|Win32
		{AC9535A8-A646-45BA-8A33-63E54C6703EC}.Release|x64.ActiveCfg = Release|x64
		{AC9535A8-A646-45BA-8A33-63E54C6703EC}.Release|x64.Build.0 = Release|x64
		{AC9535A8-A646-45BA-8A33-63E54C6703EC}.Release|x86.ActiveCfg = Release|Win32
		{AC9535A8-A646-45BA-8A33-63E54C6703EC}.Release|x86.Build.0 = Release|Win32
	EndGlobalSection
	GlobalSection(SolutionProperties) = preSolution
		HideSolutionNode = FALSE
	EndGlobalSection
	GlobalSection(ExtensibilityGlobals) = postSolution
		SolutionGuid = {02756205-1B5A-48D0-B2EC-5355DB7674C4}
	EndGlobalSection
EndGlobal
