
Microsoft Visual Studio Solution File, Format Version 12.00
# Visual Studio Version 17
VisualStudioVersion = 17.1.32210.238
MinimumVisualStudioVersion = 10.0.40219.1
Project("{8BC9CEB8-8B4A-11D0-8D11-00A0C91BC942}") = "lvxin5-1", "lvxin5-1.vcxproj", "{27C85A53-DD74-4075-BEFE-0F274192D148}"
EndProject
Global
	GlobalSection(SolutionConfigurationPlatforms) = preSolution
		Debug|x64 = Debug|x64
		Debug|x86 = Debug|x86
		Release|x64 = Release|x64
		Release|x86 = Release|x86
	EndGlobalSection
	GlobalSection(ProjectConfigurationPlatforms) = postSolution
		{27C85A53-DD74-4075-BEFE-0F274192D148}.Debug|x64.ActiveCfg = Debug|x64
		{27C85A53-DD74-4075-BEFE-0F274192D148}.Debug|x64.Build.0 = Debug|x64
		{27C85A53-DD74-4075-BEFE-0F274192D148}.Debug|x86.ActiveCfg = Debug|Win32
		{27C85A53-DD74-4075-BEFE-0F274192D148}.Debug|x86.Build.0 = Debug|Win32
		{27C85A53-DD74-4075-BEFE-0F274192D148}.Release|x64.ActiveCfg = Release|x64
		{27C85A53-DD74-4075-BEFE-0F274192D148}.Release|x64.Build.0 = Release|x64
		{27C85A53-DD74-4075-BEFE-0F274192D148}.Release|x86.ActiveCfg = Release|Win32
		{27C85A53-DD74-4075-BEFE-0F274192D148}.Release|x86.Build.0 = Release|Win32
	EndGlobalSection
	GlobalSection(SolutionProperties) = preSolution
		HideSolutionNode = FALSE
	EndGlobalSection
	GlobalSection(ExtensibilityGlobals) = postSolution
		SolutionGuid = {6554DBCE-4DDA-46EB-84B6-77285DA5E4C2}
	EndGlobalSection
EndGlobal
